// !$*UTF8*$!
{
	archiveVersion = 1;
	classes = {
	};
	objectVersion = 55;
	objects = {

/* Begin PBXBuildFile section */
		EBD21720277434EC003E5619 /* iCoffeeApp.swift in Sources */ = {isa = PBXBuildFile; fileRef = EBD2171F277434EC003E5619 /* iCoffeeApp.swift */; };
		EBD21722277434EC003E5619 /* ContentView.swift in Sources */ = {isa = PBXBuildFile; fileRef = EBD21721277434EC003E5619 /* ContentView.swift */; };
		EBD21724277434EE003E5619 /* Assets.xcassets in Resources */ = {isa = PBXBuildFile; fileRef = EBD21723277434EE003E5619 /* Assets.xcassets */; };
		EBD21727277434EE003E5619 /* Preview Assets.xcassets in Resources */ = {isa = PBXBuildFile; fileRef = EBD21726277434EE003E5619 /* Preview Assets.xcassets */; };
		EBD21730277436AC003E5619 /* Drink.swift in Sources */ = {isa = PBXBuildFile; fileRef = EBD2172F277436AC003E5619 /* Drink.swift */; };
		EBD217322774372A003E5619 /* MenuSection.swift in Sources */ = {isa = PBXBuildFile; fileRef = EBD217312774372A003E5619 /* MenuSection.swift */; };
		EBD2173427743772003E5619 /* Menu.swift in Sources */ = {isa = PBXBuildFile; fileRef = EBD2173327743772003E5619 /* Menu.swift */; };
		EBD217362774394E003E5619 /* MenuView.swift in Sources */ = {isa = PBXBuildFile; fileRef = EBD217352774394E003E5619 /* MenuView.swift */; };
		EBD217382774403E003E5619 /* CustomizeView.swift in Sources */ = {isa = PBXBuildFile; fileRef = EBD217372774403E003E5619 /* CustomizeView.swift */; };
		EBD2173A2774449B003E5619 /* ConfigurationOption.swift in Sources */ = {isa = PBXBuildFile; fileRef = EBD217392774449B003E5619 /* ConfigurationOption.swift */; };
		EBFDA13327744B9400F79A0B /* menu.json in Resources */ = {isa = PBXBuildFile; fileRef = EBFDA13227744B9400F79A0B /* menu.json */; };
		EBFDA13527744F9E00F79A0B /* Serving.swift in Sources */ = {isa = PBXBuildFile; fileRef = EBFDA13427744F9E00F79A0B /* Serving.swift */; };
		EBFDA1372774501300F79A0B /* FileManager-DocumentsDirectory.swift in Sources */ = {isa = PBXBuildFile; fileRef = EBFDA1362774501300F79A0B /* FileManager-DocumentsDirectory.swift */; };
		EBFDA1392774507200F79A0B /* History.swift in Sources */ = {isa = PBXBuildFile; fileRef = EBFDA1382774507200F79A0B /* History.swift */; };
/* End PBXBuildFile section */

/* Begin PBXFileReference section */
		EBD2171C277434EC003E5619 /* iCoffee.app */ = {isa = PBXFileReference; explicitFileType = wrapper.application; includeInIndex = 0; path = iCoffee.app; sourceTree = BUILT_PRODUCTS_DIR; };
		EBD2171F277434EC003E5619 /* iCoffeeApp.swift */ = {isa = PBXFileReference; lastKnownFileType = sourcecode.swift; path = iCoffeeApp.swift; sourceTree = "<group>"; };
		EBD21721277434EC003E5619 /* ContentView.swift */ = {isa = PBXFileReference; lastKnownFileType = sourcecode.swift; path = ContentView.swift; sourceTree = "<group>"; };
		EBD21723277434EE003E5619 /* Assets.xcassets */ = {isa = PBXFileReference; lastKnownFileType = folder.assetcatalog; path = Assets.xcassets; sourceTree = "<group>"; };
		EBD21726277434EE003E5619 /* Preview Assets.xcassets */ = {isa = PBXFileReference; lastKnownFileType = folder.assetcatalog; path = "Preview Assets.xcassets"; sourceTree = "<group>"; };
		EBD2172F277436AC003E5619 /* Drink.swift */ = {isa = PBXFileReference; lastKnownFileType = sourcecode.swift; path = Drink.swift; sourceTree = "<group>"; };
		EBD217312774372A003E5619 /* MenuSection.swift */ = {isa = PBXFileReference; lastKnownFileType = sourcecode.swift; path = MenuSection.swift; sourceTree = "<group>"; };
		EBD2173327743772003E5619 /* Menu.swift */ = {isa = PBXFileReference; lastKnownFileType = sourcecode.swift; path = Menu.swift; sourceTree = "<group>"; };
		EBD217352774394E003E5619 /* MenuView.swift */ = {isa = PBXFileReference; lastKnownFileType = sourcecode.swift; path = MenuView.swift; sourceTree = "<group>"; };
		EBD217372774403E003E5619 /* CustomizeView.swift */ = {isa = PBXFileReference; lastKnownFileType = sourcecode.swift; path = CustomizeView.swift; sourceTree = "<group>"; };
		EBD217392774449B003E5619 /* ConfigurationOption.swift */ = {isa = PBXFileReference; lastKnownFileType = sourcecode.swift; path = ConfigurationOption.swift; sourceTree = "<group>"; };
		EBFDA13227744B9400F79A0B /* menu.json */ = {isa = PBXFileReference; fileEncoding = 4; lastKnownFileType = text.json; path = menu.json; sourceTree = "<group>"; };
		EBFDA13427744F9E00F79A0B /* Serving.swift */ = {isa = PBXFileReference; lastKnownFileType = sourcecode.swift; path = Serving.swift; sourceTree = "<group>"; };
		EBFDA1362774501300F79A0B /* FileManager-DocumentsDirectory.swift */ = {isa = PBXFileReference; lastKnownFileType = sourcecode.swift; path = "FileManager-DocumentsDirectory.swift"; sourceTree = "<group>"; };
		EBFDA1382774507200F79A0B /* History.swift */ = {isa = PBXFileReference; lastKnownFileType = sourcecode.swift; path = History.swift; sourceTree = "<group>"; };
/* End PBXFileReference section */

/* Begin PBXFrameworksBuildPhase section */
		EBD21719277434EC003E5619 /* Frameworks */ = {
			isa = PBXFrameworksBuildPhase;
			buildActionMask = 2147483647;
			files = (
			);
			runOnlyForDeploymentPostprocessing = 0;
		};
/* End PBXFrameworksBuildPhase section */

/* Begin PBXGroup section */
		EB7B16FA27865CE400E5A95B /* Model */ = {
			isa = PBXGroup;
			children = (
				EBFDA1382774507200F79A0B /* History.swift */,
				EBD217392774449B003E5619 /* ConfigurationOption.swift */,
				EBD217312774372A003E5619 /* MenuSection.swift */,
				EBD2172F277436AC003E5619 /* Drink.swift */,
				EBFDA13427744F9E00F79A0B /* Serving.swift */,
				EB7B16FB27865D5700E5A95B /* ViewModel */,
			);
			path = Model;
			sourceTree = "<group>";
		};
		EB7B16FB27865D5700E5A95B /* ViewModel */ = {
			isa = PBXGroup;
			children = (
				EBD2173327743772003E5619 /* Menu.swift */,
			);
			path = ViewModel;
			sourceTree = "<group>";
		};
		EB7B16FC27865DA700E5A95B /* Views */ = {
			isa = PBXGroup;
			children = (
				EBD217372774403E003E5619 /* CustomizeView.swift */,
				EBD217352774394E003E5619 /* MenuView.swift */,
			);
			path = Views;
			sourceTree = "<group>";
		};
		EB7B16FD27865E0D00E5A95B /* Helper Extensions */ = {
			isa = PBXGroup;
			children = (
				EBFDA1362774501300F79A0B /* FileManager-DocumentsDirectory.swift */,
			);
			path = "Helper Extensions";
			sourceTree = "<group>";
		};
		EBD21713277434EC003E5619 = {
			isa = PBXGroup;
			children = (
				EBD2171E277434EC003E5619 /* iCoffee */,
				EBD2171D277434EC003E5619 /* Products */,
			);
			sourceTree = "<group>";
		};
		EBD2171D277434EC003E5619 /* Products */ = {
			isa = PBXGroup;
			children = (
				EBD2171C277434EC003E5619 /* iCoffee.app */,
			);
			name = Products;
			sourceTree = "<group>";
		};
		EBD2171E277434EC003E5619 /* iCoffee */ = {
			isa = PBXGroup;
			children = (
				EB7B16FD27865E0D00E5A95B /* Helper Extensions */,
				EB7B16FC27865DA700E5A95B /* Views */,
				EB7B16FA27865CE400E5A95B /* Model */,
				EBD2171F277434EC003E5619 /* iCoffeeApp.swift */,
				EBD21721277434EC003E5619 /* ContentView.swift */,
				EBFDA13227744B9400F79A0B /* menu.json */,
				EBD21723277434EE003E5619 /* Assets.xcassets */,
				EBD21725277434EE003E5619 /* Preview Content */,
			);
			path = iCoffee;
			sourceTree = "<group>";
		};
		EBD21725277434EE003E5619 /* Preview Content */ = {
			isa = PBXGroup;
			children = (
				EBD21726277434EE003E5619 /* Preview Assets.xcassets */,
			);
			path = "Preview Content";
			sourceTree = "<group>";
		};
/* End PBXGroup section */

/* Begin PBXNativeTarget section */
		EBD2171B277434EC003E5619 /* iCoffee */ = {
			isa = PBXNativeTarget;
			buildConfigurationList = EBD2172A277434EE003E5619 /* Build configuration list for PBXNativeTarget "iCoffee" */;
			buildPhases = (
				EBD21718277434EC003E5619 /* Sources */,
				EBD21719277434EC003E5619 /* Frameworks */,
				EBD2171A277434EC003E5619 /* Resources */,
			);
			buildRules = (
			);
			dependencies = (
			);
			name = iCoffee;
			productName = iCoffee;
			productReference = EBD2171C277434EC003E5619 /* iCoffee.app */;
			productType = "com.apple.product-type.application";
		};
/* End PBXNativeTarget section */

/* Begin PBXProject section */
		EBD21714277434EC003E5619 /* Project object */ = {
			isa = PBXProject;
			attributes = {
				BuildIndependentTargetsInParallel = 1;
				LastSwiftUpdateCheck = 1320;
				LastUpgradeCheck = 1320;
				TargetAttributes = {
					EBD2171B277434EC003E5619 = {
						CreatedOnToolsVersion = 13.2.1;
					};
				};
			};
			buildConfigurationList = EBD21717277434EC003E5619 /* Build configuration list for PBXProject "iCoffee" */;
			compatibilityVersion = "Xcode 13.0";
			developmentRegion = en;
			hasScannedForEncodings = 0;
			knownRegions = (
				en,
				Base,
			);
			mainGroup = EBD21713277434EC003E5619;
			productRefGroup = EBD2171D277434EC003E5619 /* Products */;
			projectDirPath = "";
			projectRoot = "";
			targets = (
				EBD2171B277434EC003E5619 /* iCoffee */,
			);
		};
/* End PBXProject section */

/* Begin PBXResourcesBuildPhase section */
		EBD2171A277434EC003E5619 /* Resources */ = {
			isa = PBXResourcesBuildPhase;
			buildActionMask = 2147483647;
			files = (
				EBFDA13327744B9400F79A0B /* menu.json in Resources */,
				EBD21727277434EE003E5619 /* Preview Assets.xcassets in Resources */,
				EBD21724277434EE003E5619 /* Assets.xcassets in Resources */,
			);
			runOnlyForDeploymentPostprocessing = 0;
		};
/* End PBXResourcesBuildPhase section */

/* Begin PBXSourcesBuildPhase section */
		EBD21718277434EC003E5619 /* Sources */ = {
			isa = PBXSourcesBuildPhase;
			buildActionMask = 2147483647;
			files = (
				EBD21722277434EC003E5619 /* ContentView.swift in Sources */,
				EBD217362774394E003E5619 /* MenuView.swift in Sources */,
				EBD21730277436AC003E5619 /* Drink.swift in Sources */,
				EBFDA1392774507200F79A0B /* History.swift in Sources */,
				EBD217322774372A003E5619 /* MenuSection.swift in Sources */,
				EBD21720277434EC003E5619 /* iCoffeeApp.swift in Sources */,
				EBD2173A2774449B003E5619 /* ConfigurationOption.swift in Sources */,
				EBFDA1372774501300F79A0B /* FileManager-DocumentsDirectory.swift in Sources */,
				EBD217382774403E003E5619 /* CustomizeView.swift in Sources */,
				EBD2173427743772003E5619 /* Menu.swift in Sources */,
				EBFDA13527744F9E00F79A0B /* Serving.swift in Sources */,
			);
			runOnlyForDeploymentPostprocessing = 0;
		};
/* End PBXSourcesBuildPhase section */

/* Begin XCBuildConfiguration section */
		EBD21728277434EE003E5619 /* Debug */ = {
			isa = XCBuildConfiguration;
			buildSettings = {
				ALWAYS_SEARCH_USER_PATHS = NO;
				CLANG_ANALYZER_NONNULL = YES;
				CLANG_ANALYZER_NUMBER_OBJECT_CONVERSION = YES_AGGRESSIVE;
				CLANG_CXX_LANGUAGE_STANDARD = "gnu++17";
				CLANG_CXX_LIBRARY = "libc++";
				CLANG_ENABLE_MODULES = YES;
				CLANG_ENABLE_OBJC_ARC = YES;
				CLANG_ENABLE_OBJC_WEAK = YES;
				CLANG_WARN_BLOCK_CAPTURE_AUTORELEASING = YES;
				CLANG_WARN_BOOL_CONVERSION = YES;
				CLANG_WARN_COMMA = YES;
				CLANG_WARN_CONSTANT_CONVERSION = YES;
				CLANG_WARN_DEPRECATED_OBJC_IMPLEMENTATIONS = YES;
				CLANG_WARN_DIRECT_OBJC_ISA_USAGE = YES_ERROR;
				CLANG_WARN_DOCUMENTATION_COMMENTS = YES;
				CLANG_WARN_EMPTY_BODY = YES;
				CLANG_WARN_ENUM_CONVERSION = YES;
				CLANG_WARN_INFINITE_RECURSION = YES;
				CLANG_WARN_INT_CONVERSION = YES;
				CLANG_WARN_NON_LITERAL_NULL_CONVERSION = YES;
				CLANG_WARN_OBJC_IMPLICIT_RETAIN_SELF = YES;
				CLANG_WARN_OBJC_LITERAL_CONVERSION = YES;
				CLANG_WARN_OBJC_ROOT_CLASS = YES_ERROR;
				CLANG_WARN_QUOTED_INCLUDE_IN_FRAMEWORK_HEADER = YES;
				CLANG_WARN_RANGE_LOOP_ANALYSIS = YES;
				CLANG_WARN_STRICT_PROTOTYPES = YES;
				CLANG_WARN_SUSPICIOUS_MOVE = YES;
				CLANG_WARN_UNGUARDED_AVAILABILITY = YES_AGGRESSIVE;
				CLANG_WARN_UNREACHABLE_CODE = YES;
				CLANG_WARN__DUPLICATE_METHOD_MATCH = YES;
				COPY_PHASE_STRIP = NO;
				DEBUG_INFORMATION_FORMAT = dwarf;
				ENABLE_STRICT_OBJC_MSGSEND = YES;
				ENABLE_TESTABILITY = YES;
				GCC_C_LANGUAGE_STANDARD = gnu11;
				GCC_DYNAMIC_NO_PIC = NO;
				GCC_NO_COMMON_BLOCKS = YES;
				GCC_OPTIMIZATION_LEVEL = 0;
				GCC_PREPROCESSOR_DEFINITIONS = (
					"DEBUG=1",
					"$(inherited)",
				);
				GCC_WARN_64_TO_32_BIT_CONVERSION = YES;
				GCC_WARN_ABOUT_RETURN_TYPE = YES_ERROR;
				GCC_WARN_UNDECLARED_SELECTOR = YES;
				GCC_WARN_UNINITIALIZED_AUTOS = YES_AGGRESSIVE;
				GCC_WARN_UNUSED_FUNCTION = YES;
				GCC_WARN_UNUSED_VARIABLE = YES;
				IPHONEOS_DEPLOYMENT_TARGET = 15.2;
				MTL_ENABLE_DEBUG_INFO = INCLUDE_SOURCE;
				MTL_FAST_MATH = YES;
				ONLY_ACTIVE_ARCH = YES;
				SDKROOT = iphoneos;
				SWIFT_ACTIVE_COMPILATION_CONDITIONS = DEBUG;
				SWIFT_OPTIMIZATION_LEVEL = "-Onone";
			};
			name = Debug;
		};
		EBD21729277434EE003E5619 /* Release */ = {
			isa = XCBuildConfiguration;
			buildSettings = {
				ALWAYS_SEARCH_USER_PATHS = NO;
				CLANG_ANALYZER_NONNULL = YES;
				CLANG_ANALYZER_NUMBER_OBJECT_CONVERSION = YES_AGGRESSIVE;
				CLANG_CXX_LANGUAGE_STANDARD = "gnu++17";
				CLANG_CXX_LIBRARY = "libc++";
				CLANG_ENABLE_MODULES = YES;
				CLANG_ENABLE_OBJC_ARC = YES;
				CLANG_ENABLE_OBJC_WEAK = YES;
				CLANG_WARN_BLOCK_CAPTURE_AUTORELEASING = YES;
				CLANG_WARN_BOOL_CONVERSION = YES;
				CLANG_WARN_COMMA = YES;
				CLANG_WARN_CONSTANT_CONVERSION = YES;
				CLANG_WARN_DEPRECATED_OBJC_IMPLEMENTATIONS = YES;
				CLANG_WARN_DIRECT_OBJC_ISA_USAGE = YES_ERROR;
				CLANG_WARN_DOCUMENTATION_COMMENTS = YES;
				CLANG_WARN_EMPTY_BODY = YES;
				CLANG_WARN_ENUM_CONVERSION = YES;
				CLANG_WARN_INFINITE_RECURSION = YES;
				CLANG_WARN_INT_CONVERSION = YES;
				CLANG_WARN_NON_LITERAL_NULL_CONVERSION = YES;
				CLANG_WARN_OBJC_IMPLICIT_RETAIN_SELF = YES;
				CLANG_WARN_OBJC_LITERAL_CONVERSION = YES;
				CLANG_WARN_OBJC_ROOT_CLASS = YES_ERROR;
				CLANG_WARN_QUOTED_INCLUDE_IN_FRAMEWORK_HEADER = YES;
				CLANG_WARN_RANGE_LOOP_ANALYSIS = YES;
				CLANG_WARN_STRICT_PROTOTYPES = YES;
				CLANG_WARN_SUSPICIOUS_MOVE = YES;
				CLANG_WARN_UNGUARDED_AVAILABILITY = YES_AGGRESSIVE;
				CLANG_WARN_UNREACHABLE_CODE = YES;
				CLANG_WARN__DUPLICATE_METHOD_MATCH = YES;
				COPY_PHASE_STRIP = NO;
				DEBUG_INFORMATION_FORMAT = "dwarf-with-dsym";
				ENABLE_NS_ASSERTIONS = NO;
				ENABLE_STRICT_OBJC_MSGSEND = YES;
				GCC_C_LANGUAGE_STANDARD = gnu11;
				GCC_NO_COMMON_BLOCKS = YES;
				GCC_WARN_64_TO_32_BIT_CONVERSION = YES;
				GCC_WARN_ABOUT_RETURN_TYPE = YES_ERROR;
				GCC_WARN_UNDECLARED_SELECTOR = YES;
				GCC_WARN_UNINITIALIZED_AUTOS = YES_AGGRESSIVE;
				GCC_WARN_UNUSED_FUNCTION = YES;
				GCC_WARN_UNUSED_VARIABLE = YES;
				IPHONEOS_DEPLOYMENT_TARGET = 15.2;
				MTL_ENABLE_DEBUG_INFO = NO;
				MTL_FAST_MATH = YES;
				SDKROOT = iphoneos;
				SWIFT_COMPILATION_MODE = wholemodule;
				SWIFT_OPTIMIZATION_LEVEL = "-O";
				VALIDATE_PRODUCT = YES;
			};
			name = Release;
		};
		EBD2172B277434EE003E5619 /* Debug */ = {
			isa = XCBuildConfiguration;
			buildSettings = {
				ASSETCATALOG_COMPILER_APPICON_NAME = AppIcon;
				ASSETCATALOG_COMPILER_GLOBAL_ACCENT_COLOR_NAME = AccentColor;
				CODE_SIGN_STYLE = Automatic;
				CURRENT_PROJECT_VERSION = 1;
				DEVELOPMENT_ASSET_PATHS = "\"iCoffee/Preview Content\"";
				DEVELOPMENT_TEAM = 8Q7U6Q3B67;
				ENABLE_PREVIEWS = YES;
				GENERATE_INFOPLIST_FILE = YES;
				INFOPLIST_KEY_UIApplicationSceneManifest_Generation = YES;
				INFOPLIST_KEY_UIApplicationSupportsIndirectInputEvents = YES;
				INFOPLIST_KEY_UILaunchScreen_Generation = YES;
				INFOPLIST_KEY_UISupportedInterfaceOrientations_iPad = "UIInterfaceOrientationPortrait UIInterfaceOrientationPortraitUpsideDown UIInterfaceOrientationLandscapeLeft UIInterfaceOrientationLandscapeRight";
				INFOPLIST_KEY_UISupportedInterfaceOrientations_iPhone = "UIInterfaceOrientationPortrait UIInterfaceOrientationLandscapeLeft UIInterfaceOrientationLandscapeRight";
				LD_RUNPATH_SEARCH_PATHS = (
					"$(inherited)",
					"@executable_path/Frameworks",
				);
				MARKETING_VERSION = 1.0;
				PRODUCT_BUNDLE_IDENTIFIER = com.jainam26.iCoffee;
				PRODUCT_NAME = "$(TARGET_NAME)";
				SWIFT_EMIT_LOC_STRINGS = YES;
				SWIFT_VERSION = 5.0;
				TARGETED_DEVICE_FAMILY = "1,2";
			};
			name = Debug;
		};
		EBD2172C277434EE003E5619 /* Release */ = {
			isa = XCBuildConfiguration;
			buildSettings = {
				ASSETCATALOG_COMPILER_APPICON_NAME = AppIcon;
				ASSETCATALOG_COMPILER_GLOBAL_ACCENT_COLOR_NAME = AccentColor;
				CODE_SIGN_STYLE = Automatic;
				CURRENT_PROJECT_VERSION = 1;
				DEVELOPMENT_ASSET_PATHS = "\"iCoffee/Preview Content\"";
				DEVELOPMENT_TEAM = 8Q7U6Q3B67;
				ENABLE_PREVIEWS = YES;
				GENERATE_INFOPLIST_FILE = YES;
				INFOPLIST_KEY_UIApplicationSceneManifest_Generation = YES;
				INFOPLIST_KEY_UIApplicationSupportsIndirectInputEvents = YES;
				INFOPLIST_KEY_UILaunchScreen_Generation = YES;
				INFOPLIST_KEY_UISupportedInterfaceOrientations_iPad = "UIInterfaceOrientationPortrait UIInterfaceOrientationPortraitUpsideDown UIInterfaceOrientationLandscapeLeft UIInterfaceOrientationLandscapeRight";
				INFOPLIST_KEY_UISupportedInterfaceOrientations_iPhone = "UIInterfaceOrientationPortrait UIInterfaceOrientationLandscapeLeft UIInterfaceOrientationLandscapeRight";
				LD_RUNPATH_SEARCH_PATHS = (
					"$(inherited)",
					"@executable_path/Frameworks",
				);
				MARKETING_VERSION = 1.0;
				PRODUCT_BUNDLE_IDENTIFIER = com.jainam26.iCoffee;
				PRODUCT_NAME = "$(TARGET_NAME)";
				SWIFT_EMIT_LOC_STRINGS = YES;
				SWIFT_VERSION = 5.0;
				TARGETED_DEVICE_FAMILY = "1,2";
			};
			name = Release;
		};
/* End XCBuildConfiguration section */

/* Begin XCConfigurationList section */
		EBD21717277434EC003E5619 /* Build configuration list for PBXProject "iCoffee" */ = {
			isa = XCConfigurationList;
			buildConfigurations = (
				EBD21728277434EE003E5619 /* Debug */,
				EBD21729277434EE003E5619 /* Release */,
			);
			defaultConfigurationIsVisible = 0;
			defaultConfigurationName = Release;
		};
		EBD2172A277434EE003E5619 /* Build configuration list for PBXNativeTarget "iCoffee" */ = {
			isa = XCConfigurationList;
			buildConfigurations = (
				EBD2172B277434EE003E5619 /* Debug */,
				EBD2172C277434EE003E5619 /* Release */,
			);
			defaultConfigurationIsVisible = 0;
			defaultConfigurationName = Release;
		};
/* End XCConfigurationList section */
	};
	rootObject = EBD21714277434EC003E5619 /* Project object */;
}
